<?xml version="1.0" encoding="utf-8"?>
<Project ToolsVersion="4.0" xmlns="http://schemas.microsoft.com/developer/msbuild/2003">
  <ItemGroup>
    <Filter Include="Source Files">
      <UniqueIdentifier>{4FC737F1-C7A5-4376-A066-2A32D752A2FF}</UniqueIdentifier>
      <Extensions>cpp;c;cc;cxx;def;odl;idl;hpj;bat;asm;asmx</Extensions>
    </Filter>
    <Filter Include="Header Files">
      <UniqueIdentifier>{93995380-89BD-4b04-88EB-625FBE52EBFB}</UniqueIdentifier>
      <Extensions>h;hh;hpp;hxx;hm;inl;inc;xsd</Extensions>
    </Filter>
    <Filter Include="Resource Files">
      <UniqueIdentifier>{67DA6AB6-F800-4c08-8B7A-83BB121AAD01}</UniqueIdentifier>
      <Extensions>rc;ico;cur;bmp;dlg;rc2;rct;bin;rgs;gif;jpg;jpeg;jpe;resx;tiff;tif;png;wav;mfcribbon-ms</Extensions>
    </Filter>
    <Filter Include="Header Files\Interfaces">
      <UniqueIdentifier>{e94b0bdc-7316-4da1-b0a4-6ee3b0999699}</UniqueIdentifier>
    </Filter>
    <Filter Include="Header Files\Implementations">
      <UniqueIdentifier>{1a5f8e8d-8aa4-4c83-9535-48f16b6a77e3}</UniqueIdentifier>
    </Filter>
    <Filter Include="Header Files\General">
      <UniqueIdentifier>{34339552-aba1-4546-bcce-30e1eec7ea2e}</UniqueIdentifier>
    </Filter>
  </ItemGroup>
  <ItemGroup>
    <ClInclude Include="IEntity.h">
      <Filter>Header Files\Interfaces</Filter>
    </ClInclude>
    <ClInclude Include="ICollisionMesh.h">
      <Filter>Header Files\Interfaces</Filter>
    </ClInclude>
    <ClInclude Include="IPhysicsObject.h">
      <Filter>Header Files\Interfaces</Filter>
    </ClInclude>
    <ClInclude Include="IRenderable.h">
      <Filter>Header Files\Interfaces</Filter>
    </ClInclude>
    <ClInclude Include="ISurface.h">
      <Filter>Header Files\Interfaces</Filter>
    </ClInclude>
    <ClInclude Include="IWorld.h">
      <Filter>Header Files\Interfaces</Filter>
    </ClInclude>
    <ClInclude Include="CollisionMesh.h">
      <Filter>Header Files\Implementations</Filter>
    </ClInclude>
    <ClInclude Include="Entity.h">
      <Filter>Header Files\Implementations</Filter>
    </ClInclude>
    <ClInclude Include="PhysicsObject.h">
      <Filter>Header Files\Implementations</Filter>
    </ClInclude>
    <ClInclude Include="Renderable.h">
      <Filter>Header Files\Implementations</Filter>
    </ClInclude>
    <ClInclude Include="Surface.h">
      <Filter>Header Files\Implementations</Filter>
    </ClInclude>
    <ClInclude Include="World.h">
      <Filter>Header Files\Implementations</Filter>
    </ClInclude>
    <ClInclude Include="Core.h">
      <Filter>Header Files\General</Filter>
    </ClInclude>
    <ClInclude Include="CoreReource.h">
      <Filter>Header Files\General</Filter>
    </ClInclude>
    <ClInclude Include="SurfaceCollisionMesh.h">
      <Filter>Header Files\Implementations</Filter>
    </ClInclude>
    <ClInclude Include="Octree.h">
      <Filter>Header Files\Implementations</Filter>
    </ClInclude>
    <ClInclude Include="ICharacter.h">
      <Filter>Header Files\Interfaces</Filter>
    </ClInclude>
    <ClInclude Include="IAbstractInputSystem.h">
      <Filter>Header Files\Interfaces</Filter>
    </ClInclude>
    <ClInclude Include="UserInputSystem.h">
      <Filter>Header Files\Implementations</Filter>
    </ClInclude>
    <ClInclude Include="Collision.h">
      <Filter>Header Files\Implementations</Filter>
    </ClInclude>
    <ClInclude Include="JNAInterfaceFunctions.h">
      <Filter>Header Files\Implementations</Filter>
    </ClInclude>
    <ClInclude Include="InputWrapper.h">
      <Filter>Header Files\Implementations</Filter>
    </ClInclude>
    <ClInclude Include="MovementStateCallbackManager.h">
      <Filter>Header Files\Implementations</Filter>
    </ClInclude>
    <ClInclude Include="Character.h">
      <Filter>Header Files\Implementations</Filter>
    </ClInclude>
  </ItemGroup>
  <ItemGroup>
    <ClCompile Include="Entity.cpp">
      <Filter>Source Files</Filter>
    </ClCompile>
    <ClCompile Include="Renderable.cpp">
      <Filter>Source Files</Filter>
    </ClCompile>
    <ClCompile Include="PhysicsObject.cpp">
      <Filter>Source Files</Filter>
    </ClCompile>
    <ClCompile Include="Core.cpp">
      <Filter>Source Files</Filter>
    </ClCompile>
    <ClCompile Include="World.cpp">
      <Filter>Source Files</Filter>
    </ClCompile>
    <ClCompile Include="Surface.cpp">
      <Filter>Source Files</Filter>
    </ClCompile>
    <ClCompile Include="CollisionMesh.cpp">
      <Filter>Source Files</Filter>
    </ClCompile>
    <ClCompile Include="SurfaceCollisionMesh.cpp">
      <Filter>Source Files</Filter>
    </ClCompile>
    <ClCompile Include="Octree.cpp">
      <Filter>Source Files</Filter>
    </ClCompile>
    <ClCompile Include="UserInputSystem.cpp">
      <Filter>Source Files</Filter>
    </ClCompile>
    <ClCompile Include="Collision.cpp">
      <Filter>Source Files</Filter>
    </ClCompile>
    <ClCompile Include="JNAInterfaceFunctions.cpp">
      <Filter>Source Files</Filter>
    </ClCompile>
    <ClCompile Include="InputWrapper.cpp">
      <Filter>Source Files</Filter>
    </ClCompile>
    <ClCompile Include="MovementStateCallbackManager.cpp">
      <Filter>Source Files</Filter>
    </ClCompile>
    <ClCompile Include="Character.cpp">
      <Filter>Source Files</Filter>
    </ClCompile>
  </ItemGroup>
</Project>